
Microsoft Visual Studio Solution File, Format Version 12.00
# Visual Studio 2013
VisualStudioVersion = 12.0.31101.0
MinimumVisualStudioVersion = 10.0.40219.1
Project("{FAE04EC0-301F-11D3-BF4B-00C04F79EFBC}") = "Reusable", "Reusable\Reusable.csproj", "{0B34A94E-10CD-4852-85FB-2A5D2737E17A}"
EndProject
Project("{FAE04EC0-301F-11D3-BF4B-00C04F79EFBC}") = "Reusable.Test", "Reusable.Test\Reusable.Test.csproj", "{95E8DDDE-DEE0-486B-BD1F-11E18E6A656D}"
EndProject
Global
	GlobalSection(TeamFoundationVersionControl) = preSolution
		SccNumberOfProjects = 3
		SccEnterpriseProvider = {4CA58AB2-18FA-4F8D-95D4-32DDF27D184C}
		SccTeamFoundationServer = https://codedotnet.visualstudio.com/defaultcollection
		SccLocalPath0 = .
		SccProjectUniqueName1 = Reusable\\Reusable.csproj
		SccProjectName1 = Reusable
		SccLocalPath1 = Reusable
		SccProjectUniqueName2 = Reusable.Test\\Reusable.Test.csproj
		SccProjectName2 = Reusable.Test
		SccLocalPath2 = Reusable.Test
	EndGlobalSection
	GlobalSection(SolutionConfigurationPlatforms) = preSolution
		Debug|Any CPU = Debug|Any CPU
		Release|Any CPU = Release|Any CPU
	EndGlobalSection
	GlobalSection(ProjectConfigurationPlatforms) = postSolution
		{0B34A94E-10CD-4852-85FB-2A5D2737E17A}.Debug|Any CPU.ActiveCfg = Debug|Any CPU
		{0B34A94E-10CD-4852-85FB-2A5D2737E17A}.Debug|Any CPU.Build.0 = Debug|Any CPU
		{0B34A94E-10CD-4852-85FB-2A5D2737E17A}.Release|Any CPU.ActiveCfg = Release|Any CPU
		{0B34A94E-10CD-4852-85FB-2A5D2737E17A}.Release|Any CPU.Build.0 = Release|Any CPU
		{95E8DDDE-DEE0-486B-BD1F-11E18E6A656D}.Debug|Any CPU.ActiveCfg = Debug|Any CPU
		{95E8DDDE-DEE0-486B-BD1F-11E18E6A656D}.Debug|Any CPU.Build.0 = Debug|Any CPU
		{95E8DDDE-DEE0-486B-BD1F-11E18E6A656D}.Release|Any CPU.ActiveCfg = Release|Any CPU
		{95E8DDDE-DEE0-486B-BD1F-11E18E6A656D}.Release|Any CPU.Build.0 = Release|Any CPU
	EndGlobalSection
	GlobalSection(SolutionProperties) = preSolution
		HideSolutionNode = FALSE
	EndGlobalSection
EndGlobal
